// !$*UTF8*$!
{
	archiveVersion = 1;
	classes = {
	};
	objectVersion = 48;
	objects = {

/* Begin PBXBuildFile section */
		AF259B002007EFE300FEFCE3 /* AppDelegate.swift in Sources */ = {isa = PBXBuildFile; fileRef = AF259AFF2007EFE300FEFCE3 /* AppDelegate.swift */; };
		AF259B022007EFE300FEFCE3 /* ViewController.swift in Sources */ = {isa = PBXBuildFile; fileRef = AF259B012007EFE300FEFCE3 /* ViewController.swift */; };
		AF259B052007EFE300FEFCE3 /* Main.storyboard in Resources */ = {isa = PBXBuildFile; fileRef = AF259B032007EFE300FEFCE3 /* Main.storyboard */; };
		AF259B072007EFE300FEFCE3 /* Assets.xcassets in Resources */ = {isa = PBXBuildFile; fileRef = AF259B062007EFE300FEFCE3 /* Assets.xcassets */; };
		AF259B0A2007EFE300FEFCE3 /* LaunchScreen.storyboard in Resources */ = {isa = PBXBuildFile; fileRef = AF259B082007EFE300FEFCE3 /* LaunchScreen.storyboard */; };
		AF259B152007EFE300FEFCE3 /* Swipes_ShakesTests.swift in Sources */ = {isa = PBXBuildFile; fileRef = AF259B142007EFE300FEFCE3 /* Swipes_ShakesTests.swift */; };
		AF259B202007EFE300FEFCE3 /* Swipes_ShakesUITests.swift in Sources */ = {isa = PBXBuildFile; fileRef = AF259B1F2007EFE300FEFCE3 /* Swipes_ShakesUITests.swift */; };
/* End PBXBuildFile section */

/* Begin PBXContainerItemProxy section */
		AF259B112007EFE300FEFCE3 /* PBXContainerItemProxy */ = {
			isa = PBXContainerItemProxy;
			containerPortal = AF259AF42007EFE300FEFCE3 /* Project object */;
			proxyType = 1;
			remoteGlobalIDString = AF259AFB2007EFE300FEFCE3;
			remoteInfo = "Swipes-Shakes";
		};
		AF259B1C2007EFE300FEFCE3 /* PBXContainerItemProxy */ = {
			isa = PBXContainerItemProxy;
			containerPortal = AF259AF42007EFE300FEFCE3 /* Project object */;
			proxyType = 1;
			remoteGlobalIDString = AF259AFB2007EFE300FEFCE3;
			remoteInfo = "Swipes-Shakes";
		};
/* End PBXContainerItemProxy section */

/* Begin PBXFileReference section */
		AF259AFC2007EFE300FEFCE3 /* Swipes-Shakes.app */ = {isa = PBXFileReference; explicitFileType = wrapper.application; includeInIndex = 0; path = "Swipes-Shakes.app"; sourceTree = BUILT_PRODUCTS_DIR; };
		AF259AFF2007EFE300FEFCE3 /* AppDelegate.swift */ = {isa = PBXFileReference; lastKnownFileType = sourcecode.swift; path = AppDelegate.swift; sourceTree = "<group>"; };
		AF259B012007EFE300FEFCE3 /* ViewController.swift */ = {isa = PBXFileReference; lastKnownFileType = sourcecode.swift; path = ViewController.swift; sourceTree = "<group>"; };
		AF259B042007EFE300FEFCE3 /* Base */ = {isa = PBXFileReference; lastKnownFileType = file.storyboard; name = Base; path = Base.lproj/Main.storyboard; sourceTree = "<group>"; };
		AF259B062007EFE300FEFCE3 /* Assets.xcassets */ = {isa = PBXFileReference; lastKnownFileType = folder.assetcatalog; path = Assets.xcassets; sourceTree = "<group>"; };
		AF259B092007EFE300FEFCE3 /* Base */ = {isa = PBXFileReference; lastKnownFileType = file.storyboard; name = Base; path = Base.lproj/LaunchScreen.storyboard; sourceTree = "<group>"; };
		AF259B0B2007EFE300FEFCE3 /* Info.plist */ = {isa = PBXFileReference; lastKnownFileType = text.plist.xml; path = Info.plist; sourceTree = "<group>"; };
		AF259B102007EFE300FEFCE3 /* Swipes-ShakesTests.xctest */ = {isa = PBXFileReference; explicitFileType = wrapper.cfbundle; includeInIndex = 0; path = "Swipes-ShakesTests.xctest"; sourceTree = BUILT_PRODUCTS_DIR; };
		AF259B142007EFE300FEFCE3 /* Swipes_ShakesTests.swift */ = {isa = PBXFileReference; lastKnownFileType = sourcecode.swift; path = Swipes_ShakesTests.swift; sourceTree = "<group>"; };
		AF259B162007EFE300FEFCE3 /* Info.plist */ = {isa = PBXFileReference; lastKnownFileType = text.plist.xml; path = Info.plist; sourceTree = "<group>"; };
		AF259B1B2007EFE300FEFCE3 /* Swipes-ShakesUITests.xctest */ = {isa = PBXFileReference; explicitFileType = wrapper.cfbundle; includeInIndex = 0; path = "Swipes-ShakesUITests.xctest"; sourceTree = BUILT_PRODUCTS_DIR; };
		AF259B1F2007EFE300FEFCE3 /* Swipes_ShakesUITests.swift */ = {isa = PBXFileReference; lastKnownFileType = sourcecode.swift; path = Swipes_ShakesUITests.swift; sourceTree = "<group>"; };
		AF259B212007EFE300FEFCE3 /* Info.plist */ = {isa = PBXFileReference; lastKnownFileType = text.plist.xml; path = Info.plist; sourceTree = "<group>"; };
/* End PBXFileReference section */

/* Begin PBXFrameworksBuildPhase section */
		AF259AF92007EFE300FEFCE3 /* Frameworks */ = {
			isa = PBXFrameworksBuildPhase;
			buildActionMask = 2147483647;
			files = (
			);
			runOnlyForDeploymentPostprocessing = 0;
		};
		AF259B0D2007EFE300FEFCE3 /* Frameworks */ = {
			isa = PBXFrameworksBuildPhase;
			buildActionMask = 2147483647;
			files = (
			);
			runOnlyForDeploymentPostprocessing = 0;
		};
		AF259B182007EFE300FEFCE3 /* Frameworks */ = {
			isa = PBXFrameworksBuildPhase;
			buildActionMask = 2147483647;
			files = (
			);
			runOnlyForDeploymentPostprocessing = 0;
		};
/* End PBXFrameworksBuildPhase section */

/* Begin PBXGroup section */
		AF259AF32007EFE200FEFCE3 = {
			isa = PBXGroup;
			children = (
				AF259AFE2007EFE300FEFCE3 /* Swipes-Shakes */,
				AF259B132007EFE300FEFCE3 /* Swipes-ShakesTests */,
				AF259B1E2007EFE300FEFCE3 /* Swipes-ShakesUITests */,
				AF259AFD2007EFE300FEFCE3 /* Products */,
			);
			sourceTree = "<group>";
		};
		AF259AFD2007EFE300FEFCE3 /* Products */ = {
			isa = PBXGroup;
			children = (
				AF259AFC2007EFE300FEFCE3 /* Swipes-Shakes.app */,
				AF259B102007EFE300FEFCE3 /* Swipes-ShakesTests.xctest */,
				AF259B1B2007EFE300FEFCE3 /* Swipes-ShakesUITests.xctest */,
			);
			name = Products;
			sourceTree = "<group>";
		};
		AF259AFE2007EFE300FEFCE3 /* Swipes-Shakes */ = {
			isa = PBXGroup;
			children = (
				AF259AFF2007EFE300FEFCE3 /* AppDelegate.swift */,
				AF259B012007EFE300FEFCE3 /* ViewController.swift */,
				AF259B032007EFE300FEFCE3 /* Main.storyboard */,
				AF259B062007EFE300FEFCE3 /* Assets.xcassets */,
				AF259B082007EFE300FEFCE3 /* LaunchScreen.storyboard */,
				AF259B0B2007EFE300FEFCE3 /* Info.plist */,
			);
			path = "Swipes-Shakes";
			sourceTree = "<group>";
		};
		AF259B132007EFE300FEFCE3 /* Swipes-ShakesTests */ = {
			isa = PBXGroup;
			children = (
				AF259B142007EFE300FEFCE3 /* Swipes_ShakesTests.swift */,
				AF259B162007EFE300FEFCE3 /* Info.plist */,
			);
			path = "Swipes-ShakesTests";
			sourceTree = "<group>";
		};
		AF259B1E2007EFE300FEFCE3 /* Swipes-ShakesUITests */ = {
			isa = PBXGroup;
			children = (
				AF259B1F2007EFE300FEFCE3 /* Swipes_ShakesUITests.swift */,
				AF259B212007EFE300FEFCE3 /* Info.plist */,
			);
			path = "Swipes-ShakesUITests";
			sourceTree = "<group>";
		};
/* End PBXGroup section */

/* Begin PBXNativeTarget section */
		AF259AFB2007EFE300FEFCE3 /* Swipes-Shakes */ = {
			isa = PBXNativeTarget;
			buildConfigurationList = AF259B242007EFE300FEFCE3 /* Build configuration list for PBXNativeTarget "Swipes-Shakes" */;
			buildPhases = (
				AF259AF82007EFE300FEFCE3 /* Sources */,
				AF259AF92007EFE300FEFCE3 /* Frameworks */,
				AF259AFA2007EFE300FEFCE3 /* Resources */,
			);
			buildRules = (
			);
			dependencies = (
			);
			name = "Swipes-Shakes";
			productName = "Swipes-Shakes";
			productReference = AF259AFC2007EFE300FEFCE3 /* Swipes-Shakes.app */;
			productType = "com.apple.product-type.application";
		};
		AF259B0F2007EFE300FEFCE3 /* Swipes-ShakesTests */ = {
			isa = PBXNativeTarget;
			buildConfigurationList = AF259B272007EFE300FEFCE3 /* Build configuration list for PBXNativeTarget "Swipes-ShakesTests" */;
			buildPhases = (
				AF259B0C2007EFE300FEFCE3 /* Sources */,
				AF259B0D2007EFE300FEFCE3 /* Frameworks */,
				AF259B0E2007EFE300FEFCE3 /* Resources */,
			);
			buildRules = (
			);
			dependencies = (
				AF259B122007EFE300FEFCE3 /* PBXTargetDependency */,
			);
			name = "Swipes-ShakesTests";
			productName = "Swipes-ShakesTests";
			productReference = AF259B102007EFE300FEFCE3 /* Swipes-ShakesTests.xctest */;
			productType = "com.apple.product-type.bundle.unit-test";
		};
		AF259B1A2007EFE300FEFCE3 /* Swipes-ShakesUITests */ = {
			isa = PBXNativeTarget;
			buildConfigurationList = AF259B2A2007EFE300FEFCE3 /* Build configuration list for PBXNativeTarget "Swipes-ShakesUITests" */;
			buildPhases = (
				AF259B172007EFE300FEFCE3 /* Sources */,
				AF259B182007EFE300FEFCE3 /* Frameworks */,
				AF259B192007EFE300FEFCE3 /* Resources */,
			);
			buildRules = (
			);
			dependencies = (
				AF259B1D2007EFE300FEFCE3 /* PBXTargetDependency */,
			);
			name = "Swipes-ShakesUITests";
			productName = "Swipes-ShakesUITests";
			productReference = AF259B1B2007EFE300FEFCE3 /* Swipes-ShakesUITests.xctest */;
			productType = "com.apple.product-type.bundle.ui-testing";
		};
/* End PBXNativeTarget section */

/* Begin PBXProject section */
		AF259AF42007EFE300FEFCE3 /* Project object */ = {
			isa = PBXProject;
			attributes = {
				LastSwiftUpdateCheck = 0920;
				LastUpgradeCheck = 0920;
				ORGANIZATIONNAME = "Charlie Cuddy";
				TargetAttributes = {
					AF259AFB2007EFE300FEFCE3 = {
						CreatedOnToolsVersion = 9.2;
						ProvisioningStyle = Automatic;
					};
					AF259B0F2007EFE300FEFCE3 = {
						CreatedOnToolsVersion = 9.2;
						ProvisioningStyle = Automatic;
						TestTargetID = AF259AFB2007EFE300FEFCE3;
					};
					AF259B1A2007EFE300FEFCE3 = {
						CreatedOnToolsVersion = 9.2;
						ProvisioningStyle = Automatic;
						TestTargetID = AF259AFB2007EFE300FEFCE3;
					};
				};
			};
			buildConfigurationList = AF259AF72007EFE300FEFCE3 /* Build configuration list for PBXProject "Swipes-Shakes" */;
			compatibilityVersion = "Xcode 8.0";
			developmentRegion = en;
			hasScannedForEncodings = 0;
			knownRegions = (
				en,
				Base,
			);
			mainGroup = AF259AF32007EFE200FEFCE3;
			productRefGroup = AF259AFD2007EFE300FEFCE3 /* Products */;
			projectDirPath = "";
			projectRoot = "";
			targets = (
				AF259AFB2007EFE300FEFCE3 /* Swipes-Shakes */,
				AF259B0F2007EFE300FEFCE3 /* Swipes-ShakesTests */,
				AF259B1A2007EFE300FEFCE3 /* Swipes-ShakesUITests */,
			);
		};
/* End PBXProject section */

/* Begin PBXResourcesBuildPhase section */
		AF259AFA2007EFE300FEFCE3 /* Resources */ = {
			isa = PBXResourcesBuildPhase;
			buildActionMask = 2147483647;
			files = (
				AF259B0A2007EFE300FEFCE3 /* LaunchScreen.storyboard in Resources */,
				AF259B072007EFE300FEFCE3 /* Assets.xcassets in Resources */,
				AF259B052007EFE300FEFCE3 /* Main.storyboard in Resources */,
			);
			runOnlyForDeploymentPostprocessing = 0;
		};
		AF259B0E2007EFE300FEFCE3 /* Resources */ = {
			isa = PBXResourcesBuildPhase;
			buildActionMask = 2147483647;
			files = (
			);
			runOnlyForDeploymentPostprocessing = 0;
		};
		AF259B192007EFE300FEFCE3 /* Resources */ = {
			isa = PBXResourcesBuildPhase;
			buildActionMask = 2147483647;
			files = (
			);
			runOnlyForDeploymentPostprocessing = 0;
		};
/* End PBXResourcesBuildPhase section */

/* Begin PBXSourcesBuildPhase section */
		AF259AF82007EFE300FEFCE3 /* Sources */ = {
			isa = PBXSourcesBuildPhase;
			buildActionMask = 2147483647;
			files = (
				AF259B022007EFE300FEFCE3 /* ViewController.swift in Sources */,
				AF259B002007EFE300FEFCE3 /* AppDelegate.swift in Sources */,
			);
			runOnlyForDeploymentPostprocessing = 0;
		};
		AF259B0C2007EFE300FEFCE3 /* Sources */ = {
			isa = PBXSourcesBuildPhase;
			buildActionMask = 2147483647;
			files = (
				AF259B152007EFE300FEFCE3 /* Swipes_ShakesTests.swift in Sources */,
			);
			runOnlyForDeploymentPostprocessing = 0;
		};
		AF259B172007EFE300FEFCE3 /* Sources */ = {
			isa = PBXSourcesBuildPhase;
			buildActionMask = 2147483647;
			files = (
				AF259B202007EFE300FEFCE3 /* Swipes_ShakesUITests.swift in Sources */,
			);
			runOnlyForDeploymentPostprocessing = 0;
		};
/* End PBXSourcesBuildPhase section */

/* Begin PBXTargetDependency section */
		AF259B122007EFE300FEFCE3 /* PBXTargetDependency */ = {
			isa = PBXTargetDependency;
			target = AF259AFB2007EFE300FEFCE3 /* Swipes-Shakes */;
			targetProxy = AF259B112007EFE300FEFCE3 /* PBXContainerItemProxy */;
		};
		AF259B1D2007EFE300FEFCE3 /* PBXTargetDependency */ = {
			isa = PBXTargetDependency;
			target = AF259AFB2007EFE300FEFCE3 /* Swipes-Shakes */;
			targetProxy = AF259B1C2007EFE300FEFCE3 /* PBXContainerItemProxy */;
		};
/* End PBXTargetDependency section */

/* Begin PBXVariantGroup section */
		AF259B032007EFE300FEFCE3 /* Main.storyboard */ = {
			isa = PBXVariantGroup;
			children = (
				AF259B042007EFE300FEFCE3 /* Base */,
			);
			name = Main.storyboard;
			sourceTree = "<group>";
		};
		AF259B082007EFE300FEFCE3 /* LaunchScreen.storyboard */ = {
			isa = PBXVariantGroup;
			children = (
				AF259B092007EFE300FEFCE3 /* Base */,
			);
			name = LaunchScreen.storyboard;
			sourceTree = "<group>";
		};
/* End PBXVariantGroup section */

/* Begin XCBuildConfiguration section */
		AF259B222007EFE300FEFCE3 /* Debug */ = {
			isa = XCBuildConfiguration;
			buildSettings = {
				ALWAYS_SEARCH_USER_PATHS = NO;
				CLANG_ANALYZER_NONNULL = YES;
				CLANG_ANALYZER_NUMBER_OBJECT_CONVERSION = YES_AGGRESSIVE;
				CLANG_CXX_LANGUAGE_STANDARD = "gnu++14";
				CLANG_CXX_LIBRARY = "libc++";
				CLANG_ENABLE_MODULES = YES;
				CLANG_ENABLE_OBJC_ARC = YES;
				CLANG_WARN_BLOCK_CAPTURE_AUTORELEASING = YES;
				CLANG_WARN_BOOL_CONVERSION = YES;
				CLANG_WARN_COMMA = YES;
				CLANG_WARN_CONSTANT_CONVERSION = YES;
				CLANG_WARN_DIRECT_OBJC_ISA_USAGE = YES_ERROR;
				CLANG_WARN_DOCUMENTATION_COMMENTS = YES;
				CLANG_WARN_EMPTY_BODY = YES;
				CLANG_WARN_ENUM_CONVERSION = YES;
				CLANG_WARN_INFINITE_RECURSION = YES;
				CLANG_WARN_INT_CONVERSION = YES;
				CLANG_WARN_NON_LITERAL_NULL_CONVERSION = YES;
				CLANG_WARN_OBJC_LITERAL_CONVERSION = YES;
				CLANG_WARN_OBJC_ROOT_CLASS = YES_ERROR;
				CLANG_WARN_RANGE_LOOP_ANALYSIS = YES;
				CLANG_WARN_STRICT_PROTOTYPES = YES;
				CLANG_WARN_SUSPICIOUS_MOVE = YES;
				CLANG_WARN_UNGUARDED_AVAILABILITY = YES_AGGRESSIVE;
				CLANG_WARN_UNREACHABLE_CODE = YES;
				CLANG_WARN__DUPLICATE_METHOD_MATCH = YES;
				CODE_SIGN_IDENTITY = "iPhone Developer";
				COPY_PHASE_STRIP = NO;
				DEBUG_INFORMATION_FORMAT = dwarf;
				ENABLE_STRICT_OBJC_MSGSEND = YES;
				ENABLE_TESTABILITY = YES;
				GCC_C_LANGUAGE_STANDARD = gnu11;
				GCC_DYNAMIC_NO_PIC = NO;
				GCC_NO_COMMON_BLOCKS = YES;
				GCC_OPTIMIZATION_LEVEL = 0;
				GCC_PREPROCESSOR_DEFINITIONS = (
					"DEBUG=1",
					"$(inherited)",
				);
				GCC_WARN_64_TO_32_BIT_CONVERSION = YES;
				GCC_WARN_ABOUT_RETURN_TYPE = YES_ERROR;
				GCC_WARN_UNDECLARED_SELECTOR = YES;
				GCC_WARN_UNINITIALIZED_AUTOS = YES_AGGRESSIVE;
				GCC_WARN_UNUSED_FUNCTION = YES;
				GCC_WARN_UNUSED_VARIABLE = YES;
				IPHONEOS_DEPLOYMENT_TARGET = 11.2;
				MTL_ENABLE_DEBUG_INFO = YES;
				ONLY_ACTIVE_ARCH = YES;
				SDKROOT = iphoneos;
				SWIFT_ACTIVE_COMPILATION_CONDITIONS = DEBUG;
				SWIFT_OPTIMIZATION_LEVEL = "-Onone";
			};
			name = Debug;
		};
		AF259B232007EFE300FEFCE3 /* Release */ = {
			isa = XCBuildConfiguration;
			buildSettings = {
				ALWAYS_SEARCH_USER_PATHS = NO;
				CLANG_ANALYZER_NONNULL = YES;
				CLANG_ANALYZER_NUMBER_OBJECT_CONVERSION = YES_AGGRESSIVE;
				CLANG_CXX_LANGUAGE_STANDARD = "gnu++14";
				CLANG_CXX_LIBRARY = "libc++";
				CLANG_ENABLE_MODULES = YES;
				CLANG_ENABLE_OBJC_ARC = YES;
				CLANG_WARN_BLOCK_CAPTURE_AUTORELEASING = YES;
				CLANG_WARN_BOOL_CONVERSION = YES;
				CLANG_WARN_COMMA = YES;
				CLANG_WARN_CONSTANT_CONVERSION = YES;
				CLANG_WARN_DIRECT_OBJC_ISA_USAGE = YES_ERROR;
				CLANG_WARN_DOCUMENTATION_COMMENTS = YES;
				CLANG_WARN_EMPTY_BODY = YES;
				CLANG_WARN_ENUM_CONVERSION = YES;
				CLANG_WARN_INFINITE_RECURSION = YES;
				CLANG_WARN_INT_CONVERSION = YES;
				CLANG_WARN_NON_LITERAL_NULL_CONVERSION = YES;
				CLANG_WARN_OBJC_LITERAL_CONVERSION = YES;
				CLANG_WARN_OBJC_ROOT_CLASS = YES_ERROR;
				CLANG_WARN_RANGE_LOOP_ANALYSIS = YES;
				CLANG_WARN_STRICT_PROTOTYPES = YES;
				CLANG_WARN_SUSPICIOUS_MOVE = YES;
				CLANG_WARN_UNGUARDED_AVAILABILITY = YES_AGGRESSIVE;
				CLANG_WARN_UNREACHABLE_CODE = YES;
				CLANG_WARN__DUPLICATE_METHOD_MATCH = YES;
				CODE_SIGN_IDENTITY = "iPhone Developer";
				COPY_PHASE_STRIP = NO;
				DEBUG_INFORMATION_FORMAT = "dwarf-with-dsym";
				ENABLE_NS_ASSERTIONS = NO;
				ENABLE_STRICT_OBJC_MSGSEND = YES;
				GCC_C_LANGUAGE_STANDARD = gnu11;
				GCC_NO_COMMON_BLOCKS = YES;
				GCC_WARN_64_TO_32_BIT_CONVERSION = YES;
				GCC_WARN_ABOUT_RETURN_TYPE = YES_ERROR;
				GCC_WARN_UNDECLARED_SELECTOR = YES;
				GCC_WARN_UNINITIALIZED_AUTOS = YES_AGGRESSIVE;
				GCC_WARN_UNUSED_FUNCTION = YES;
				GCC_WARN_UNUSED_VARIABLE = YES;
				IPHONEOS_DEPLOYMENT_TARGET = 11.2;
				MTL_ENABLE_DEBUG_INFO = NO;
				SDKROOT = iphoneos;
				SWIFT_OPTIMIZATION_LEVEL = "-Owholemodule";
				VALIDATE_PRODUCT = YES;
			};
			name = Release;
		};
		AF259B252007EFE300FEFCE3 /* Debug */ = {
			isa = XCBuildConfiguration;
			buildSettings = {
				ASSETCATALOG_COMPILER_APPICON_NAME = AppIcon;
				CODE_SIGN_STYLE = Automatic;
				INFOPLIST_FILE = "Swipes-Shakes/Info.plist";
				LD_RUNPATH_SEARCH_PATHS = "$(inherited) @executable_path/Frameworks";
				PRODUCT_BUNDLE_IDENTIFIER = "CharlieCuddy.Swipes-Shakes";
				PRODUCT_NAME = "$(TARGET_NAME)";
				SWIFT_VERSION = 4.0;
				TARGETED_DEVICE_FAMILY = "1,2";
			};
			name = Debug;
		};
		AF259B262007EFE300FEFCE3 /* Release */ = {
			isa = XCBuildConfiguration;
			buildSettings = {
				ASSETCATALOG_COMPILER_APPICON_NAME = AppIcon;
				CODE_SIGN_STYLE = Automatic;
				INFOPLIST_FILE = "Swipes-Shakes/Info.plist";
				LD_RUNPATH_SEARCH_PATHS = "$(inherited) @executable_path/Frameworks";
				PRODUCT_BUNDLE_IDENTIFIER = "CharlieCuddy.Swipes-Shakes";
				PRODUCT_NAME = "$(TARGET_NAME)";
				SWIFT_VERSION = 4.0;
				TARGETED_DEVICE_FAMILY = "1,2";
			};
			name = Release;
		};
		AF259B282007EFE300FEFCE3 /* Debug */ = {
			isa = XCBuildConfiguration;
			buildSettings = {
				ALWAYS_EMBED_SWIFT_STANDARD_LIBRARIES = YES;
				BUNDLE_LOADER = "$(TEST_HOST)";
				CODE_SIGN_STYLE = Automatic;
				INFOPLIST_FILE = "Swipes-ShakesTests/Info.plist";
				LD_RUNPATH_SEARCH_PATHS = "$(inherited) @executable_path/Frameworks @loader_path/Frameworks";
				PRODUCT_BUNDLE_IDENTIFIER = "CharlieCuddy.Swipes-ShakesTests";
				PRODUCT_NAME = "$(TARGET_NAME)";
				SWIFT_VERSION = 4.0;
				TARGETED_DEVICE_FAMILY = "1,2";
				TEST_HOST = "$(BUILT_PRODUCTS_DIR)/Swipes-Shakes.app/Swipes-Shakes";
			};
			name = Debug;
		};
		AF259B292007EFE300FEFCE3 /* Release */ = {
			isa = XCBuildConfiguration;
			buildSettings = {
				ALWAYS_EMBED_SWIFT_STANDARD_LIBRARIES = YES;
				BUNDLE_LOADER = "$(TEST_HOST)";
				CODE_SIGN_STYLE = Automatic;
				INFOPLIST_FILE = "Swipes-ShakesTests/Info.plist";
				LD_RUNPATH_SEARCH_PATHS = "$(inherited) @executable_path/Frameworks @loader_path/Frameworks";
				PRODUCT_BUNDLE_IDENTIFIER = "CharlieCuddy.Swipes-ShakesTests";
				PRODUCT_NAME = "$(TARGET_NAME)";
				SWIFT_VERSION = 4.0;
				TARGETED_DEVICE_FAMILY = "1,2";
				TEST_HOST = "$(BUILT_PRODUCTS_DIR)/Swipes-Shakes.app/Swipes-Shakes";
			};
			name = Release;
		};
		AF259B2B2007EFE300FEFCE3 /* Debug */ = {
			isa = XCBuildConfiguration;
			buildSettings = {
				ALWAYS_EMBED_SWIFT_STANDARD_LIBRARIES = YES;
				CODE_SIGN_STYLE = Automatic;
				INFOPLIST_FILE = "Swipes-ShakesUITests/Info.plist";
				LD_RUNPATH_SEARCH_PATHS = "$(inherited) @executable_path/Frameworks @loader_path/Frameworks";
				PRODUCT_BUNDLE_IDENTIFIER = "CharlieCuddy.Swipes-ShakesUITests";
				PRODUCT_NAME = "$(TARGET_NAME)";
				SWIFT_VERSION = 4.0;
				TARGETED_DEVICE_FAMILY = "1,2";
				TEST_TARGET_NAME = "Swipes-Shakes";
			};
			name = Debug;
		};
		AF259B2C2007EFE300FEFCE3 /* Release */ = {
			isa = XCBuildConfiguration;
			buildSettings = {
				ALWAYS_EMBED_SWIFT_STANDARD_LIBRARIES = YES;
				CODE_SIGN_STYLE = Automatic;
				INFOPLIST_FILE = "Swipes-ShakesUITests/Info.plist";
				LD_RUNPATH_SEARCH_PATHS = "$(inherited) @executable_path/Frameworks @loader_path/Frameworks";
				PRODUCT_BUNDLE_IDENTIFIER = "CharlieCuddy.Swipes-ShakesUITests";
				PRODUCT_NAME = "$(TARGET_NAME)";
				SWIFT_VERSION = 4.0;
				TARGETED_DEVICE_FAMILY = "1,2";
				TEST_TARGET_NAME = "Swipes-Shakes";
			};
			name = Release;
		};
/* End XCBuildConfiguration section */

/* Begin XCConfigurationList section */
		AF259AF72007EFE300FEFCE3 /* Build configuration list for PBXProject "Swipes-Shakes" */ = {
			isa = XCConfigurationList;
			buildConfigurations = (
				AF259B222007EFE300FEFCE3 /* Debug */,
				AF259B232007EFE300FEFCE3 /* Release */,
			);
			defaultConfigurationIsVisible = 0;
			defaultConfigurationName = Release;
		};
		AF259B242007EFE300FEFCE3 /* Build configuration list for PBXNativeTarget "Swipes-Shakes" */ = {
			isa = XCConfigurationList;
			buildConfigurations = (
				AF259B252007EFE300FEFCE3 /* Debug */,
				AF259B262007EFE300FEFCE3 /* Release */,
			);
			defaultConfigurationIsVisible = 0;
			defaultConfigurationName = Release;
		};
		AF259B272007EFE300FEFCE3 /* Build configuration list for PBXNativeTarget "Swipes-ShakesTests" */ = {
			isa = XCConfigurationList;
			buildConfigurations = (
				AF259B282007EFE300FEFCE3 /* Debug */,
				AF259B292007EFE300FEFCE3 /* Release */,
			);
			defaultConfigurationIsVisible = 0;
			defaultConfigurationName = Release;
		};
		AF259B2A2007EFE300FEFCE3 /* Build configuration list for PBXNativeTarget "Swipes-ShakesUITests" */ = {
			isa = XCConfigurationList;
			buildConfigurations = (
				AF259B2B2007EFE300FEFCE3 /* Debug */,
				AF259B2C2007EFE300FEFCE3 /* Release */,
			);
			defaultConfigurationIsVisible = 0;
			defaultConfigurationName = Release;
		};
/* End XCConfigurationList section */
	};
	rootObject = AF259AF42007EFE300FEFCE3 /* Project object */;
}
